
Microsoft Visual Studio Solution File, Format Version 12.00
# Visual Studio Version 17
VisualStudioVersion = 17.3.32825.248
MinimumVisualStudioVersion = 10.0.40219.1
Project("{9A19103F-16F7-4668-BE54-9A1E7A4F7556}") = "MSAccessLib", "MSAccessLib\MSAccessLib.csproj", "{B0C618C2-4965-4C31-86D2-27B08CF80BB8}"
EndProject
Project("{9A19103F-16F7-4668-BE54-9A1E7A4F7556}") = "MSAccessApp", "MSAccessApp\MSAccessApp.csproj", "{55A933FB-E00F-4CEF-8F8E-2BA97578C1BF}"
EndProject
Global
	GlobalSection(SolutionConfigurationPlatforms) = preSolution
		Debug|Any CPU = Debug|Any CPU
		Release|Any CPU = Release|Any CPU
	EndGlobalSection
	GlobalSection(ProjectConfigurationPlatforms) = postSolution
		{B0C618C2-4965-4C31-86D2-27B08CF80BB8}.Debug|Any CPU.ActiveCfg = Debug|Any CPU
		{B0C618C2-4965-4C31-86D2-27B08CF80BB8}.Debug|Any CPU.Build.0 = Debug|Any CPU
		{B0C618C2-4965-4C31-86D2-27B08CF80BB8}.Release|Any CPU.ActiveCfg = Release|Any CPU
		{B0C618C2-4965-4C31-86D2-27B08CF80BB8}.Release|Any CPU.Build.0 = Release|Any CPU
		{55A933FB-E00F-4CEF-8F8E-2BA97578C1BF}.Debug|Any CPU.ActiveCfg = Debug|Any CPU
		{55A933FB-E00F-4CEF-8F8E-2BA97578C1BF}.Debug|Any CPU.Build.0 = Debug|Any CPU
		{55A933FB-E00F-4CEF-8F8E-2BA97578C1BF}.Release|Any CPU.ActiveCfg = Release|Any CPU
		{55A933FB-E00F-4CEF-8F8E-2BA97578C1BF}.Release|Any CPU.Build.0 = Release|Any CPU
	EndGlobalSection
	GlobalSection(SolutionProperties) = preSolution
		HideSolutionNode = FALSE
	EndGlobalSection
	GlobalSection(ExtensibilityGlobals) = postSolution
		SolutionGuid = {81EB96E8-0896-4F4C-AE5D-4D38BB708DD5}
	EndGlobalSection
EndGlobal
